
Microsoft Visual Studio Solution File, Format Version 12.00
# Visual Studio Version 16
VisualStudioVersion = 16.0.30114.105
MinimumVisualStudioVersion = 10.0.40219.1
Project("{FAE04EC0-301F-11D3-BF4B-00C04F79EFBC}") = "Andina.Domain", "src\Andina.Domain\Andina.Domain.csproj", "{3FC43AB4-C267-413F-92AE-0D1C701FF5C1}"
EndProject
Project("{FAE04EC0-301F-11D3-BF4B-00C04F79EFBC}") = "Andina.Application", "src\Andina.Application\Andina.Application.csproj", "{F66A3C91-F6F4-4D0E-BAB5-D98F2462AD0F}"
EndProject
Project("{FAE04EC0-301F-11D3-BF4B-00C04F79EFBC}") = "Andina.Infrastructure", "src\Andina.Infrastructure\Andina.Infrastructure.csproj", "{702A6C77-C8A5-4076-8AF9-BD5D36022946}"
EndProject
Project("{FAE04EC0-301F-11D3-BF4B-00C04F79EFBC}") = "Andina.WebApi", "src\Andina.WebApi\Andina.WebApi.csproj", "{22834931-017E-480B-A058-7DE99BD9B640}"
EndProject
Global
	GlobalSection(SolutionConfigurationPlatforms) = preSolution
		Debug|Any CPU = Debug|Any CPU
		Release|Any CPU = Release|Any CPU
	EndGlobalSection
	GlobalSection(ProjectConfigurationPlatforms) = postSolution
		{3FC43AB4-C267-413F-92AE-0D1C701FF5C1}.Debug|Any CPU.ActiveCfg = Debug|Any CPU
		{3FC43AB4-C267-413F-92AE-0D1C701FF5C1}.Debug|Any CPU.Build.0 = Debug|Any CPU
		{3FC43AB4-C267-413F-92AE-0D1C701FF5C1}.Release|Any CPU.ActiveCfg = Release|Any CPU
		{3FC43AB4-C267-413F-92AE-0D1C701FF5C1}.Release|Any CPU.Build.0 = Release|Any CPU
		{F66A3C91-F6F4-4D0E-BAB5-D98F2462AD0F}.Debug|Any CPU.ActiveCfg = Debug|Any CPU
		{F66A3C91-F6F4-4D0E-BAB5-D98F2462AD0F}.Debug|Any CPU.Build.0 = Debug|Any CPU
		{F66A3C91-F6F4-4D0E-BAB5-D98F2462AD0F}.Release|Any CPU.ActiveCfg = Release|Any CPU
		{F66A3C91-F6F4-4D0E-BAB5-D98F2462AD0F}.Release|Any CPU.Build.0 = Release|Any CPU
		{702A6C77-C8A5-4076-8AF9-BD5D36022946}.Debug|Any CPU.ActiveCfg = Debug|Any CPU
		{702A6C77-C8A5-4076-8AF9-BD5D36022946}.Debug|Any CPU.Build.0 = Debug|Any CPU
		{702A6C77-C8A5-4076-8AF9-BD5D36022946}.Release|Any CPU.ActiveCfg = Release|Any CPU
		{702A6C77-C8A5-4076-8AF9-BD5D36022946}.Release|Any CPU.Build.0 = Release|Any CPU
		{22834931-017E-480B-A058-7DE99BD9B640}.Debug|Any CPU.ActiveCfg = Debug|Any CPU
		{22834931-017E-480B-A058-7DE99BD9B640}.Debug|Any CPU.Build.0 = Debug|Any CPU
		{22834931-017E-480B-A058-7DE99BD9B640}.Release|Any CPU.ActiveCfg = Release|Any CPU
		{22834931-017E-480B-A058-7DE99BD9B640}.Release|Any CPU.Build.0 = Release|Any CPU
	EndGlobalSection
	GlobalSection(SolutionProperties) = preSolution
		HideSolutionNode = FALSE
	EndGlobalSection
	GlobalSection(ExtensibilityGlobals) = postSolution
		SolutionGuid = {4304246F-5B38-4B47-85C6-C71B6649F2B1}
	EndGlobalSection
EndGlobal
